
Microsoft Visual Studio Solution File, Format Version 12.00
# Visual Studio Version 17
VisualStudioVersion = 17.1.32228.430
MinimumVisualStudioVersion = 10.0.40219.1
Project("{FAE04EC0-301F-11D3-BF4B-00C04F79EFBC}") = "Day34AddressBookSystem", "Day34AddressBookSystem\Day34AddressBookSystem.csproj", "{280D8968-209B-4843-8D2E-11764FE06061}"
EndProject
Global
	GlobalSection(SolutionConfigurationPlatforms) = preSolution
		Debug|Any CPU = Debug|Any CPU
		Release|Any CPU = Release|Any CPU
	EndGlobalSection
	GlobalSection(ProjectConfigurationPlatforms) = postSolution
		{280D8968-209B-4843-8D2E-11764FE06061}.Debug|Any CPU.ActiveCfg = Debug|Any CPU
		{280D8968-209B-4843-8D2E-11764FE06061}.Debug|Any CPU.Build.0 = Debug|Any CPU
		{280D8968-209B-4843-8D2E-11764FE06061}.Release|Any CPU.ActiveCfg = Release|Any CPU
		{280D8968-209B-4843-8D2E-11764FE06061}.Release|Any CPU.Build.0 = Release|Any CPU
	EndGlobalSection
	GlobalSection(SolutionProperties) = preSolution
		HideSolutionNode = FALSE
	EndGlobalSection
	GlobalSection(ExtensibilityGlobals) = postSolution
		SolutionGuid = {94CE0F69-1EE6-4B92-8401-7706BD40381C}
	EndGlobalSection
EndGlobal
